# This file is automatically @generated by Cargo.
# It is not intended for manual editing.
version = 3

[[package]]
name = "embedded-can"
version = "0.4.1"
source = "registry+https://github.com/rust-lang/crates.io-index"
checksum = "e9d2e857f87ac832df68fa498d18ddc679175cf3d2e4aa893988e5601baf9438"
dependencies = [
 "nb",
]

[[package]]
name = "nb"
version = "1.1.0"
source = "registry+https://github.com/rust-lang/crates.io-index"
checksum = "8d5439c4ad607c3c23abf66de8c8bf57ba8adcd1f129e699851a6e43935d339d"

[[package]]
name = "slcan"
version = "0.1.0"
dependencies = [
 "embedded-can",
]
